// !$*UTF8*$!
{
	archiveVersion = 1;
	classes = {
	};
	objectVersion = 46;
	objects = {

/* Begin PBXBuildFile section */
		3A1B98D2CB984F8423C55515 /* Pods_OriginalApp.framework in Frameworks */ = {isa = PBXBuildFile; fileRef = F72395950F001DDC592C54E7 /* Pods_OriginalApp.framework */; };
		6158891ECDFDB87276A14BBA /* Pods_OriginalAppTests.framework in Frameworks */ = {isa = PBXBuildFile; fileRef = 507C28B568CEC4DFD2F8750C /* Pods_OriginalAppTests.framework */; };
		8132257B1D9BCEDE00CCD426 /* AppDelegate.swift in Sources */ = {isa = PBXBuildFile; fileRef = 8132257A1D9BCEDE00CCD426 /* AppDelegate.swift */; };
		8132257D1D9BCEDE00CCD426 /* ViewController.swift in Sources */ = {isa = PBXBuildFile; fileRef = 8132257C1D9BCEDE00CCD426 /* ViewController.swift */; };
		813225801D9BCEDE00CCD426 /* Main.storyboard in Resources */ = {isa = PBXBuildFile; fileRef = 8132257E1D9BCEDE00CCD426 /* Main.storyboard */; };
		813225821D9BCEDE00CCD426 /* Assets.xcassets in Resources */ = {isa = PBXBuildFile; fileRef = 813225811D9BCEDE00CCD426 /* Assets.xcassets */; };
		813225851D9BCEDE00CCD426 /* LaunchScreen.storyboard in Resources */ = {isa = PBXBuildFile; fileRef = 813225831D9BCEDE00CCD426 /* LaunchScreen.storyboard */; };
		813225901D9BCEDF00CCD426 /* OriginalAppTests.swift in Sources */ = {isa = PBXBuildFile; fileRef = 8132258F1D9BCEDF00CCD426 /* OriginalAppTests.swift */; };
		8132259B1D9BCEDF00CCD426 /* OriginalAppUITests.swift in Sources */ = {isa = PBXBuildFile; fileRef = 8132259A1D9BCEDF00CCD426 /* OriginalAppUITests.swift */; };
		813225AB1D9BD64E00CCD426 /* OriginalTableViewController.swift in Sources */ = {isa = PBXBuildFile; fileRef = 813225AA1D9BD64E00CCD426 /* OriginalTableViewController.swift */; };
		813225AD1D9BD6E200CCD426 /* User.swift in Sources */ = {isa = PBXBuildFile; fileRef = 813225AC1D9BD6E200CCD426 /* User.swift */; };
		813225B11D9BE0DC00CCD426 /* GoogleService-Info.plist in Resources */ = {isa = PBXBuildFile; fileRef = 813225B01D9BE0DC00CCD426 /* GoogleService-Info.plist */; };
		FE2A537C46B39AE4B83243F1 /* Pods_OriginalAppUITests.framework in Frameworks */ = {isa = PBXBuildFile; fileRef = C852CF0F2450E2F6C342F454 /* Pods_OriginalAppUITests.framework */; };
/* End PBXBuildFile section */

/* Begin PBXContainerItemProxy section */
		8132258C1D9BCEDF00CCD426 /* PBXContainerItemProxy */ = {
			isa = PBXContainerItemProxy;
			containerPortal = 8132256F1D9BCEDE00CCD426 /* Project object */;
			proxyType = 1;
			remoteGlobalIDString = 813225761D9BCEDE00CCD426;
			remoteInfo = OriginalApp;
		};
		813225971D9BCEDF00CCD426 /* PBXContainerItemProxy */ = {
			isa = PBXContainerItemProxy;
			containerPortal = 8132256F1D9BCEDE00CCD426 /* Project object */;
			proxyType = 1;
			remoteGlobalIDString = 813225761D9BCEDE00CCD426;
			remoteInfo = OriginalApp;
		};
/* End PBXContainerItemProxy section */

/* Begin PBXFileReference section */
		155E41D3F6315E064D472775 /* Pods-OriginalAppUITests.debug.xcconfig */ = {isa = PBXFileReference; includeInIndex = 1; lastKnownFileType = text.xcconfig; name = "Pods-OriginalAppUITests.debug.xcconfig"; path = "Pods/Target Support Files/Pods-OriginalAppUITests/Pods-OriginalAppUITests.debug.xcconfig"; sourceTree = "<group>"; };
		43B1E398E95AD4ECE6DF86E6 /* Pods-OriginalApp.debug.xcconfig */ = {isa = PBXFileReference; includeInIndex = 1; lastKnownFileType = text.xcconfig; name = "Pods-OriginalApp.debug.xcconfig"; path = "Pods/Target Support Files/Pods-OriginalApp/Pods-OriginalApp.debug.xcconfig"; sourceTree = "<group>"; };
		507C28B568CEC4DFD2F8750C /* Pods_OriginalAppTests.framework */ = {isa = PBXFileReference; explicitFileType = wrapper.framework; includeInIndex = 0; path = Pods_OriginalAppTests.framework; sourceTree = BUILT_PRODUCTS_DIR; };
		59BDEFBFF605C7B0153816FF /* Pods-OriginalAppUITests.release.xcconfig */ = {isa = PBXFileReference; includeInIndex = 1; lastKnownFileType = text.xcconfig; name = "Pods-OriginalAppUITests.release.xcconfig"; path = "Pods/Target Support Files/Pods-OriginalAppUITests/Pods-OriginalAppUITests.release.xcconfig"; sourceTree = "<group>"; };
		641D4E89F8A274A3FF6B27CC /* Pods-OriginalAppTests.release.xcconfig */ = {isa = PBXFileReference; includeInIndex = 1; lastKnownFileType = text.xcconfig; name = "Pods-OriginalAppTests.release.xcconfig"; path = "Pods/Target Support Files/Pods-OriginalAppTests/Pods-OriginalAppTests.release.xcconfig"; sourceTree = "<group>"; };
		813225771D9BCEDE00CCD426 /* OriginalApp.app */ = {isa = PBXFileReference; explicitFileType = wrapper.application; includeInIndex = 0; path = OriginalApp.app; sourceTree = BUILT_PRODUCTS_DIR; };
		8132257A1D9BCEDE00CCD426 /* AppDelegate.swift */ = {isa = PBXFileReference; lastKnownFileType = sourcecode.swift; path = AppDelegate.swift; sourceTree = "<group>"; };
		8132257C1D9BCEDE00CCD426 /* ViewController.swift */ = {isa = PBXFileReference; lastKnownFileType = sourcecode.swift; path = ViewController.swift; sourceTree = "<group>"; };
		8132257F1D9BCEDE00CCD426 /* Base */ = {isa = PBXFileReference; lastKnownFileType = file.storyboard; name = Base; path = Base.lproj/Main.storyboard; sourceTree = "<group>"; };
		813225811D9BCEDE00CCD426 /* Assets.xcassets */ = {isa = PBXFileReference; lastKnownFileType = folder.assetcatalog; path = Assets.xcassets; sourceTree = "<group>"; };
		813225841D9BCEDE00CCD426 /* Base */ = {isa = PBXFileReference; lastKnownFileType = file.storyboard; name = Base; path = Base.lproj/LaunchScreen.storyboard; sourceTree = "<group>"; };
		813225861D9BCEDE00CCD426 /* Info.plist */ = {isa = PBXFileReference; lastKnownFileType = text.plist.xml; path = Info.plist; sourceTree = "<group>"; };
		8132258B1D9BCEDF00CCD426 /* OriginalAppTests.xctest */ = {isa = PBXFileReference; explicitFileType = wrapper.cfbundle; includeInIndex = 0; path = OriginalAppTests.xctest; sourceTree = BUILT_PRODUCTS_DIR; };
		8132258F1D9BCEDF00CCD426 /* OriginalAppTests.swift */ = {isa = PBXFileReference; lastKnownFileType = sourcecode.swift; path = OriginalAppTests.swift; sourceTree = "<group>"; };
		813225911D9BCEDF00CCD426 /* Info.plist */ = {isa = PBXFileReference; lastKnownFileType = text.plist.xml; path = Info.plist; sourceTree = "<group>"; };
		813225961D9BCEDF00CCD426 /* OriginalAppUITests.xctest */ = {isa = PBXFileReference; explicitFileType = wrapper.cfbundle; includeInIndex = 0; path = OriginalAppUITests.xctest; sourceTree = BUILT_PRODUCTS_DIR; };
		8132259A1D9BCEDF00CCD426 /* OriginalAppUITests.swift */ = {isa = PBXFileReference; lastKnownFileType = sourcecode.swift; path = OriginalAppUITests.swift; sourceTree = "<group>"; };
		8132259C1D9BCEDF00CCD426 /* Info.plist */ = {isa = PBXFileReference; lastKnownFileType = text.plist.xml; path = Info.plist; sourceTree = "<group>"; };
		813225AA1D9BD64E00CCD426 /* OriginalTableViewController.swift */ = {isa = PBXFileReference; fileEncoding = 4; lastKnownFileType = sourcecode.swift; path = OriginalTableViewController.swift; sourceTree = "<group>"; };
		813225AC1D9BD6E200CCD426 /* User.swift */ = {isa = PBXFileReference; fileEncoding = 4; lastKnownFileType = sourcecode.swift; path = User.swift; sourceTree = "<group>"; };
		813225B01D9BE0DC00CCD426 /* GoogleService-Info.plist */ = {isa = PBXFileReference; fileEncoding = 4; lastKnownFileType = text.plist.xml; path = "GoogleService-Info.plist"; sourceTree = "<group>"; };
		C852CF0F2450E2F6C342F454 /* Pods_OriginalAppUITests.framework */ = {isa = PBXFileReference; explicitFileType = wrapper.framework; includeInIndex = 0; path = Pods_OriginalAppUITests.framework; sourceTree = BUILT_PRODUCTS_DIR; };
		D02C8A58F7369EB7356F1C7F /* Pods-OriginalAppTests.debug.xcconfig */ = {isa = PBXFileReference; includeInIndex = 1; lastKnownFileType = text.xcconfig; name = "Pods-OriginalAppTests.debug.xcconfig"; path = "Pods/Target Support Files/Pods-OriginalAppTests/Pods-OriginalAppTests.debug.xcconfig"; sourceTree = "<group>"; };
		D98043AAC4475F2ADA188B75 /* Pods-OriginalApp.release.xcconfig */ = {isa = PBXFileReference; includeInIndex = 1; lastKnownFileType = text.xcconfig; name = "Pods-OriginalApp.release.xcconfig"; path = "Pods/Target Support Files/Pods-OriginalApp/Pods-OriginalApp.release.xcconfig"; sourceTree = "<group>"; };
		F72395950F001DDC592C54E7 /* Pods_OriginalApp.framework */ = {isa = PBXFileReference; explicitFileType = wrapper.framework; includeInIndex = 0; path = Pods_OriginalApp.framework; sourceTree = BUILT_PRODUCTS_DIR; };
/* End PBXFileReference section */

/* Begin PBXFrameworksBuildPhase section */
		813225741D9BCEDE00CCD426 /* Frameworks */ = {
			isa = PBXFrameworksBuildPhase;
			buildActionMask = 2147483647;
			files = (
				3A1B98D2CB984F8423C55515 /* Pods_OriginalApp.framework in Frameworks */,
			);
			runOnlyForDeploymentPostprocessing = 0;
		};
		813225881D9BCEDF00CCD426 /* Frameworks */ = {
			isa = PBXFrameworksBuildPhase;
			buildActionMask = 2147483647;
			files = (
				6158891ECDFDB87276A14BBA /* Pods_OriginalAppTests.framework in Frameworks */,
			);
			runOnlyForDeploymentPostprocessing = 0;
		};
		813225931D9BCEDF00CCD426 /* Frameworks */ = {
			isa = PBXFrameworksBuildPhase;
			buildActionMask = 2147483647;
			files = (
				FE2A537C46B39AE4B83243F1 /* Pods_OriginalAppUITests.framework in Frameworks */,
			);
			runOnlyForDeploymentPostprocessing = 0;
		};
/* End PBXFrameworksBuildPhase section */

/* Begin PBXGroup section */
		2052F01817A65B49113C9108 /* Frameworks */ = {
			isa = PBXGroup;
			children = (
				F72395950F001DDC592C54E7 /* Pods_OriginalApp.framework */,
				507C28B568CEC4DFD2F8750C /* Pods_OriginalAppTests.framework */,
				C852CF0F2450E2F6C342F454 /* Pods_OriginalAppUITests.framework */,
			);
			name = Frameworks;
			sourceTree = "<group>";
		};
		8132256E1D9BCEDE00CCD426 = {
			isa = PBXGroup;
			children = (
				813225791D9BCEDE00CCD426 /* OriginalApp */,
				8132258E1D9BCEDF00CCD426 /* OriginalAppTests */,
				813225991D9BCEDF00CCD426 /* OriginalAppUITests */,
				813225781D9BCEDE00CCD426 /* Products */,
				B083FDE88E2BDB96A6CAF993 /* Pods */,
				2052F01817A65B49113C9108 /* Frameworks */,
			);
			sourceTree = "<group>";
		};
		813225781D9BCEDE00CCD426 /* Products */ = {
			isa = PBXGroup;
			children = (
				813225771D9BCEDE00CCD426 /* OriginalApp.app */,
				8132258B1D9BCEDF00CCD426 /* OriginalAppTests.xctest */,
				813225961D9BCEDF00CCD426 /* OriginalAppUITests.xctest */,
			);
			name = Products;
			sourceTree = "<group>";
		};
		813225791D9BCEDE00CCD426 /* OriginalApp */ = {
			isa = PBXGroup;
			children = (
				8132257A1D9BCEDE00CCD426 /* AppDelegate.swift */,
				813225AC1D9BD6E200CCD426 /* User.swift */,
				813225AA1D9BD64E00CCD426 /* OriginalTableViewController.swift */,
				8132257C1D9BCEDE00CCD426 /* ViewController.swift */,
				8132257E1D9BCEDE00CCD426 /* Main.storyboard */,
				813225811D9BCEDE00CCD426 /* Assets.xcassets */,
				813225831D9BCEDE00CCD426 /* LaunchScreen.storyboard */,
				813225861D9BCEDE00CCD426 /* Info.plist */,
				813225B01D9BE0DC00CCD426 /* GoogleService-Info.plist */,
			);
			path = OriginalApp;
			sourceTree = "<group>";
		};
		8132258E1D9BCEDF00CCD426 /* OriginalAppTests */ = {
			isa = PBXGroup;
			children = (
				8132258F1D9BCEDF00CCD426 /* OriginalAppTests.swift */,
				813225911D9BCEDF00CCD426 /* Info.plist */,
			);
			path = OriginalAppTests;
			sourceTree = "<group>";
		};
		813225991D9BCEDF00CCD426 /* OriginalAppUITests */ = {
			isa = PBXGroup;
			children = (
				8132259A1D9BCEDF00CCD426 /* OriginalAppUITests.swift */,
				8132259C1D9BCEDF00CCD426 /* Info.plist */,
			);
			path = OriginalAppUITests;
			sourceTree = "<group>";
		};
		B083FDE88E2BDB96A6CAF993 /* Pods */ = {
			isa = PBXGroup;
			children = (
				43B1E398E95AD4ECE6DF86E6 /* Pods-OriginalApp.debug.xcconfig */,
				D98043AAC4475F2ADA188B75 /* Pods-OriginalApp.release.xcconfig */,
				D02C8A58F7369EB7356F1C7F /* Pods-OriginalAppTests.debug.xcconfig */,
				641D4E89F8A274A3FF6B27CC /* Pods-OriginalAppTests.release.xcconfig */,
				155E41D3F6315E064D472775 /* Pods-OriginalAppUITests.debug.xcconfig */,
				59BDEFBFF605C7B0153816FF /* Pods-OriginalAppUITests.release.xcconfig */,
			);
			name = Pods;
			sourceTree = "<group>";
		};
/* End PBXGroup section */

/* Begin PBXNativeTarget section */
		813225761D9BCEDE00CCD426 /* OriginalApp */ = {
			isa = PBXNativeTarget;
			buildConfigurationList = 8132259F1D9BCEDF00CCD426 /* Build configuration list for PBXNativeTarget "OriginalApp" */;
			buildPhases = (
				6161D8644DF787B5DAD0D58D /* [CP] Check Pods Manifest.lock */,
				813225731D9BCEDE00CCD426 /* Sources */,
				813225741D9BCEDE00CCD426 /* Frameworks */,
				813225751D9BCEDE00CCD426 /* Resources */,
				3250791AE02DDDC533963375 /* [CP] Embed Pods Frameworks */,
				CFE105E36F0A30A9B33ADD79 /* [CP] Copy Pods Resources */,
			);
			buildRules = (
			);
			dependencies = (
			);
			name = OriginalApp;
			productName = OriginalApp;
			productReference = 813225771D9BCEDE00CCD426 /* OriginalApp.app */;
			productType = "com.apple.product-type.application";
		};
		8132258A1D9BCEDF00CCD426 /* OriginalAppTests */ = {
			isa = PBXNativeTarget;
			buildConfigurationList = 813225A21D9BCEDF00CCD426 /* Build configuration list for PBXNativeTarget "OriginalAppTests" */;
			buildPhases = (
				C832AE48120658328C8F9812 /* [CP] Check Pods Manifest.lock */,
				813225871D9BCEDF00CCD426 /* Sources */,
				813225881D9BCEDF00CCD426 /* Frameworks */,
				813225891D9BCEDF00CCD426 /* Resources */,
				B9D57DA09376C6C89AA96CD5 /* [CP] Embed Pods Frameworks */,
				392A19E4EAC2605702983D91 /* [CP] Copy Pods Resources */,
			);
			buildRules = (
			);
			dependencies = (
				8132258D1D9BCEDF00CCD426 /* PBXTargetDependency */,
			);
			name = OriginalAppTests;
			productName = OriginalAppTests;
			productReference = 8132258B1D9BCEDF00CCD426 /* OriginalAppTests.xctest */;
			productType = "com.apple.product-type.bundle.unit-test";
		};
		813225951D9BCEDF00CCD426 /* OriginalAppUITests */ = {
			isa = PBXNativeTarget;
			buildConfigurationList = 813225A51D9BCEDF00CCD426 /* Build configuration list for PBXNativeTarget "OriginalAppUITests" */;
			buildPhases = (
				FE182D31F9614F8D207F2442 /* [CP] Check Pods Manifest.lock */,
				813225921D9BCEDF00CCD426 /* Sources */,
				813225931D9BCEDF00CCD426 /* Frameworks */,
				813225941D9BCEDF00CCD426 /* Resources */,
				910EC3124EEFDDE5A16CC85A /* [CP] Copy Pods Resources */,
			);
			buildRules = (
			);
			dependencies = (
				813225981D9BCEDF00CCD426 /* PBXTargetDependency */,
			);
			name = OriginalAppUITests;
			productName = OriginalAppUITests;
			productReference = 813225961D9BCEDF00CCD426 /* OriginalAppUITests.xctest */;
			productType = "com.apple.product-type.bundle.ui-testing";
		};
/* End PBXNativeTarget section */

/* Begin PBXProject section */
		8132256F1D9BCEDE00CCD426 /* Project object */ = {
			isa = PBXProject;
			attributes = {
				LastSwiftUpdateCheck = 0730;
				LastUpgradeCheck = 0730;
				ORGANIZATIONNAME = Kappa;
				TargetAttributes = {
					813225761D9BCEDE00CCD426 = {
						CreatedOnToolsVersion = 7.3.1;
						DevelopmentTeam = E9AWZ9P2WH;
					};
					8132258A1D9BCEDF00CCD426 = {
						CreatedOnToolsVersion = 7.3.1;
						DevelopmentTeam = E9AWZ9P2WH;
						TestTargetID = 813225761D9BCEDE00CCD426;
					};
					813225951D9BCEDF00CCD426 = {
						CreatedOnToolsVersion = 7.3.1;
						DevelopmentTeam = E9AWZ9P2WH;
						TestTargetID = 813225761D9BCEDE00CCD426;
					};
				};
			};
			buildConfigurationList = 813225721D9BCEDE00CCD426 /* Build configuration list for PBXProject "OriginalApp" */;
			compatibilityVersion = "Xcode 3.2";
			developmentRegion = English;
			hasScannedForEncodings = 0;
			knownRegions = (
				en,
				Base,
			);
			mainGroup = 8132256E1D9BCEDE00CCD426;
			productRefGroup = 813225781D9BCEDE00CCD426 /* Products */;
			projectDirPath = "";
			projectRoot = "";
			targets = (
				813225761D9BCEDE00CCD426 /* OriginalApp */,
				8132258A1D9BCEDF00CCD426 /* OriginalAppTests */,
				813225951D9BCEDF00CCD426 /* OriginalAppUITests */,
			);
		};
/* End PBXProject section */

/* Begin PBXResourcesBuildPhase section */
		813225751D9BCEDE00CCD426 /* Resources */ = {
			isa = PBXResourcesBuildPhase;
			buildActionMask = 2147483647;
			files = (
				813225851D9BCEDE00CCD426 /* LaunchScreen.storyboard in Resources */,
				813225B11D9BE0DC00CCD426 /* GoogleService-Info.plist in Resources */,
				813225821D9BCEDE00CCD426 /* Assets.xcassets in Resources */,
				813225801D9BCEDE00CCD426 /* Main.storyboard in Resources */,
			);
			runOnlyForDeploymentPostprocessing = 0;
		};
		813225891D9BCEDF00CCD426 /* Resources */ = {
			isa = PBXResourcesBuildPhase;
			buildActionMask = 2147483647;
			files = (
			);
			runOnlyForDeploymentPostprocessing = 0;
		};
		813225941D9BCEDF00CCD426 /* Resources */ = {
			isa = PBXResourcesBuildPhase;
			buildActionMask = 2147483647;
			files = (
			);
			runOnlyForDeploymentPostprocessing = 0;
		};
/* End PBXResourcesBuildPhase section */

/* Begin PBXShellScriptBuildPhase section */
		3250791AE02DDDC533963375 /* [CP] Embed Pods Frameworks */ = {
			isa = PBXShellScriptBuildPhase;
			buildActionMask = 2147483647;
			files = (
			);
			inputPaths = (
			);
			name = "[CP] Embed Pods Frameworks";
			outputPaths = (
			);
			runOnlyForDeploymentPostprocessing = 0;
			shellPath = /bin/sh;
			shellScript = "\"${SRCROOT}/Pods/Target Support Files/Pods-OriginalApp/Pods-OriginalApp-frameworks.sh\"\n";
			showEnvVarsInLog = 0;
		};
		392A19E4EAC2605702983D91 /* [CP] Copy Pods Resources */ = {
			isa = PBXShellScriptBuildPhase;
			buildActionMask = 2147483647;
			files = (
			);
			inputPaths = (
			);
			name = "[CP] Copy Pods Resources";
			outputPaths = (
			);
			runOnlyForDeploymentPostprocessing = 0;
			shellPath = /bin/sh;
			shellScript = "\"${SRCROOT}/Pods/Target Support Files/Pods-OriginalAppTests/Pods-OriginalAppTests-resources.sh\"\n";
			showEnvVarsInLog = 0;
		};
		6161D8644DF787B5DAD0D58D /* [CP] Check Pods Manifest.lock */ = {
			isa = PBXShellScriptBuildPhase;
			buildActionMask = 2147483647;
			files = (
			);
			inputPaths = (
			);
			name = "[CP] Check Pods Manifest.lock";
			outputPaths = (
			);
			runOnlyForDeploymentPostprocessing = 0;
			shellPath = /bin/sh;
			shellScript = "diff \"${PODS_ROOT}/../Podfile.lock\" \"${PODS_ROOT}/Manifest.lock\" > /dev/null\nif [[ $? != 0 ]] ; then\n    cat << EOM\nerror: The sandbox is not in sync with the Podfile.lock. Run 'pod install' or update your CocoaPods installation.\nEOM\n    exit 1\nfi\n";
			showEnvVarsInLog = 0;
		};
		910EC3124EEFDDE5A16CC85A /* [CP] Copy Pods Resources */ = {
			isa = PBXShellScriptBuildPhase;
			buildActionMask = 2147483647;
			files = (
			);
			inputPaths = (
			);
			name = "[CP] Copy Pods Resources";
			outputPaths = (
			);
			runOnlyForDeploymentPostprocessing = 0;
			shellPath = /bin/sh;
			shellScript = "\"${SRCROOT}/Pods/Target Support Files/Pods-OriginalAppUITests/Pods-OriginalAppUITests-resources.sh\"\n";
			showEnvVarsInLog = 0;
		};
		B9D57DA09376C6C89AA96CD5 /* [CP] Embed Pods Frameworks */ = {
			isa = PBXShellScriptBuildPhase;
			buildActionMask = 2147483647;
			files = (
			);
			inputPaths = (
			);
			name = "[CP] Embed Pods Frameworks";
			outputPaths = (
			);
			runOnlyForDeploymentPostprocessing = 0;
			shellPath = /bin/sh;
			shellScript = "\"${SRCROOT}/Pods/Target Support Files/Pods-OriginalAppTests/Pods-OriginalAppTests-frameworks.sh\"\n";
			showEnvVarsInLog = 0;
		};
		C832AE48120658328C8F9812 /* [CP] Check Pods Manifest.lock */ = {
			isa = PBXShellScriptBuildPhase;
			buildActionMask = 2147483647;
			files = (
			);
			inputPaths = (
			);
			name = "[CP] Check Pods Manifest.lock";
			outputPaths = (
			);
			runOnlyForDeploymentPostprocessing = 0;
			shellPath = /bin/sh;
			shellScript = "diff \"${PODS_ROOT}/../Podfile.lock\" \"${PODS_ROOT}/Manifest.lock\" > /dev/null\nif [[ $? != 0 ]] ; then\n    cat << EOM\nerror: The sandbox is not in sync with the Podfile.lock. Run 'pod install' or update your CocoaPods installation.\nEOM\n    exit 1\nfi\n";
			showEnvVarsInLog = 0;
		};
		CFE105E36F0A30A9B33ADD79 /* [CP] Copy Pods Resources */ = {
			isa = PBXShellScriptBuildPhase;
			buildActionMask = 2147483647;
			files = (
			);
			inputPaths = (
			);
			name = "[CP] Copy Pods Resources";
			outputPaths = (
			);
			runOnlyForDeploymentPostprocessing = 0;
			shellPath = /bin/sh;
			shellScript = "\"${SRCROOT}/Pods/Target Support Files/Pods-OriginalApp/Pods-OriginalApp-resources.sh\"\n";
			showEnvVarsInLog = 0;
		};
		FE182D31F9614F8D207F2442 /* [CP] Check Pods Manifest.lock */ = {
			isa = PBXShellScriptBuildPhase;
			buildActionMask = 2147483647;
			files = (
			);
			inputPaths = (
			);
			name = "[CP] Check Pods Manifest.lock";
			outputPaths = (
			);
			runOnlyForDeploymentPostprocessing = 0;
			shellPath = /bin/sh;
			shellScript = "diff \"${PODS_ROOT}/../Podfile.lock\" \"${PODS_ROOT}/Manifest.lock\" > /dev/null\nif [[ $? != 0 ]] ; then\n    cat << EOM\nerror: The sandbox is not in sync with the Podfile.lock. Run 'pod install' or update your CocoaPods installation.\nEOM\n    exit 1\nfi\n";
			showEnvVarsInLog = 0;
		};
/* End PBXShellScriptBuildPhase section */

/* Begin PBXSourcesBuildPhase section */
		813225731D9BCEDE00CCD426 /* Sources */ = {
			isa = PBXSourcesBuildPhase;
			buildActionMask = 2147483647;
			files = (
				813225AD1D9BD6E200CCD426 /* User.swift in Sources */,
				8132257D1D9BCEDE00CCD426 /* ViewController.swift in Sources */,
				813225AB1D9BD64E00CCD426 /* OriginalTableViewController.swift in Sources */,
				8132257B1D9BCEDE00CCD426 /* AppDelegate.swift in Sources */,
			);
			runOnlyForDeploymentPostprocessing = 0;
		};
		813225871D9BCEDF00CCD426 /* Sources */ = {
			isa = PBXSourcesBuildPhase;
			buildActionMask = 2147483647;
			files = (
				813225901D9BCEDF00CCD426 /* OriginalAppTests.swift in Sources */,
			);
			runOnlyForDeploymentPostprocessing = 0;
		};
		813225921D9BCEDF00CCD426 /* Sources */ = {
			isa = PBXSourcesBuildPhase;
			buildActionMask = 2147483647;
			files = (
				8132259B1D9BCEDF00CCD426 /* OriginalAppUITests.swift in Sources */,
			);
			runOnlyForDeploymentPostprocessing = 0;
		};
/* End PBXSourcesBuildPhase section */

/* Begin PBXTargetDependency section */
		8132258D1D9BCEDF00CCD426 /* PBXTargetDependency */ = {
			isa = PBXTargetDependency;
			target = 813225761D9BCEDE00CCD426 /* OriginalApp */;
			targetProxy = 8132258C1D9BCEDF00CCD426 /* PBXContainerItemProxy */;
		};
		813225981D9BCEDF00CCD426 /* PBXTargetDependency */ = {
			isa = PBXTargetDependency;
			target = 813225761D9BCEDE00CCD426 /* OriginalApp */;
			targetProxy = 813225971D9BCEDF00CCD426 /* PBXContainerItemProxy */;
		};
/* End PBXTargetDependency section */

/* Begin PBXVariantGroup section */
		8132257E1D9BCEDE00CCD426 /* Main.storyboard */ = {
			isa = PBXVariantGroup;
			children = (
				8132257F1D9BCEDE00CCD426 /* Base */,
			);
			name = Main.storyboard;
			sourceTree = "<group>";
		};
		813225831D9BCEDE00CCD426 /* LaunchScreen.storyboard */ = {
			isa = PBXVariantGroup;
			children = (
				813225841D9BCEDE00CCD426 /* Base */,
			);
			name = LaunchScreen.storyboard;
			sourceTree = "<group>";
		};
/* End PBXVariantGroup section */

/* Begin XCBuildConfiguration section */
		8132259D1D9BCEDF00CCD426 /* Debug */ = {
			isa = XCBuildConfiguration;
			buildSettings = {
				ALWAYS_SEARCH_USER_PATHS = NO;
				CLANG_ANALYZER_NONNULL = YES;
				CLANG_CXX_LANGUAGE_STANDARD = "gnu++0x";
				CLANG_CXX_LIBRARY = "libc++";
				CLANG_ENABLE_MODULES = YES;
				CLANG_ENABLE_OBJC_ARC = YES;
				CLANG_WARN_BOOL_CONVERSION = YES;
				CLANG_WARN_CONSTANT_CONVERSION = YES;
				CLANG_WARN_DIRECT_OBJC_ISA_USAGE = YES_ERROR;
				CLANG_WARN_EMPTY_BODY = YES;
				CLANG_WARN_ENUM_CONVERSION = YES;
				CLANG_WARN_INT_CONVERSION = YES;
				CLANG_WARN_OBJC_ROOT_CLASS = YES_ERROR;
				CLANG_WARN_UNREACHABLE_CODE = YES;
				CLANG_WARN__DUPLICATE_METHOD_MATCH = YES;
				"CODE_SIGN_IDENTITY[sdk=iphoneos*]" = "iPhone Developer";
				COPY_PHASE_STRIP = NO;
				DEBUG_INFORMATION_FORMAT = dwarf;
				ENABLE_STRICT_OBJC_MSGSEND = YES;
				ENABLE_TESTABILITY = YES;
				GCC_C_LANGUAGE_STANDARD = gnu99;
				GCC_DYNAMIC_NO_PIC = NO;
				GCC_NO_COMMON_BLOCKS = YES;
				GCC_OPTIMIZATION_LEVEL = 0;
				GCC_PREPROCESSOR_DEFINITIONS = (
					"DEBUG=1",
					"$(inherited)",
				);
				GCC_WARN_64_TO_32_BIT_CONVERSION = YES;
				GCC_WARN_ABOUT_RETURN_TYPE = YES_ERROR;
				GCC_WARN_UNDECLARED_SELECTOR = YES;
				GCC_WARN_UNINITIALIZED_AUTOS = YES_AGGRESSIVE;
				GCC_WARN_UNUSED_FUNCTION = YES;
				GCC_WARN_UNUSED_VARIABLE = YES;
				IPHONEOS_DEPLOYMENT_TARGET = 9.3;
				MTL_ENABLE_DEBUG_INFO = YES;
				ONLY_ACTIVE_ARCH = YES;
				SDKROOT = iphoneos;
				SWIFT_OPTIMIZATION_LEVEL = "-Onone";
			};
			name = Debug;
		};
		8132259E1D9BCEDF00CCD426 /* Release */ = {
			isa = XCBuildConfiguration;
			buildSettings = {
				ALWAYS_SEARCH_USER_PATHS = NO;
				CLANG_ANALYZER_NONNULL = YES;
				CLANG_CXX_LANGUAGE_STANDARD = "gnu++0x";
				CLANG_CXX_LIBRARY = "libc++";
				CLANG_ENABLE_MODULES = YES;
				CLANG_ENABLE_OBJC_ARC = YES;
				CLANG_WARN_BOOL_CONVERSION = YES;
				CLANG_WARN_CONSTANT_CONVERSION = YES;
				CLANG_WARN_DIRECT_OBJC_ISA_USAGE = YES_ERROR;
				CLANG_WARN_EMPTY_BODY = YES;
				CLANG_WARN_ENUM_CONVERSION = YES;
				CLANG_WARN_INT_CONVERSION = YES;
				CLANG_WARN_OBJC_ROOT_CLASS = YES_ERROR;
				CLANG_WARN_UNREACHABLE_CODE = YES;
				CLANG_WARN__DUPLICATE_METHOD_MATCH = YES;
				"CODE_SIGN_IDENTITY[sdk=iphoneos*]" = "iPhone Developer";
				COPY_PHASE_STRIP = NO;
				DEBUG_INFORMATION_FORMAT = "dwarf-with-dsym";
				ENABLE_NS_ASSERTIONS = NO;
				ENABLE_STRICT_OBJC_MSGSEND = YES;
				GCC_C_LANGUAGE_STANDARD = gnu99;
				GCC_NO_COMMON_BLOCKS = YES;
				GCC_WARN_64_TO_32_BIT_CONVERSION = YES;
				GCC_WARN_ABOUT_RETURN_TYPE = YES_ERROR;
				GCC_WARN_UNDECLARED_SELECTOR = YES;
				GCC_WARN_UNINITIALIZED_AUTOS = YES_AGGRESSIVE;
				GCC_WARN_UNUSED_FUNCTION = YES;
				GCC_WARN_UNUSED_VARIABLE = YES;
				IPHONEOS_DEPLOYMENT_TARGET = 9.3;
				MTL_ENABLE_DEBUG_INFO = NO;
				SDKROOT = iphoneos;
				VALIDATE_PRODUCT = YES;
			};
			name = Release;
		};
		813225A01D9BCEDF00CCD426 /* Debug */ = {
			isa = XCBuildConfiguration;
			baseConfigurationReference = 43B1E398E95AD4ECE6DF86E6 /* Pods-OriginalApp.debug.xcconfig */;
			buildSettings = {
				ASSETCATALOG_COMPILER_APPICON_NAME = AppIcon;
				INFOPLIST_FILE = OriginalApp/Info.plist;
				LD_RUNPATH_SEARCH_PATHS = "$(inherited) @executable_path/Frameworks";
				PRODUCT_BUNDLE_IDENTIFIER = com.kappa.original;
				PRODUCT_NAME = "$(TARGET_NAME)";
			};
			name = Debug;
		};
		813225A11D9BCEDF00CCD426 /* Release */ = {
			isa = XCBuildConfiguration;
			baseConfigurationReference = D98043AAC4475F2ADA188B75 /* Pods-OriginalApp.release.xcconfig */;
			buildSettings = {
				ASSETCATALOG_COMPILER_APPICON_NAME = AppIcon;
				INFOPLIST_FILE = OriginalApp/Info.plist;
				LD_RUNPATH_SEARCH_PATHS = "$(inherited) @executable_path/Frameworks";
				PRODUCT_BUNDLE_IDENTIFIER = com.kappa.original;
				PRODUCT_NAME = "$(TARGET_NAME)";
			};
			name = Release;
		};
		813225A31D9BCEDF00CCD426 /* Debug */ = {
			isa = XCBuildConfiguration;
			baseConfigurationReference = D02C8A58F7369EB7356F1C7F /* Pods-OriginalAppTests.debug.xcconfig */;
			buildSettings = {
				BUNDLE_LOADER = "$(TEST_HOST)";
				INFOPLIST_FILE = OriginalAppTests/Info.plist;
				LD_RUNPATH_SEARCH_PATHS = "$(inherited) @executable_path/Frameworks @loader_path/Frameworks";
				PRODUCT_BUNDLE_IDENTIFIER = com.kappa.original.OriginalAppTests;
				PRODUCT_NAME = "$(TARGET_NAME)";
				TEST_HOST = "$(BUILT_PRODUCTS_DIR)/OriginalApp.app/OriginalApp";
			};
			name = Debug;
		};
		813225A41D9BCEDF00CCD426 /* Release */ = {
			isa = XCBuildConfiguration;
			baseConfigurationReference = 641D4E89F8A274A3FF6B27CC /* Pods-OriginalAppTests.release.xcconfig */;
			buildSettings = {
				BUNDLE_LOADER = "$(TEST_HOST)";
				INFOPLIST_FILE = OriginalAppTests/Info.plist;
				LD_RUNPATH_SEARCH_PATHS = "$(inherited) @executable_path/Frameworks @loader_path/Frameworks";
				PRODUCT_BUNDLE_IDENTIFIER = com.kappa.original.OriginalAppTests;
				PRODUCT_NAME = "$(TARGET_NAME)";
				TEST_HOST = "$(BUILT_PRODUCTS_DIR)/OriginalApp.app/OriginalApp";
			};
			name = Release;
		};
		813225A61D9BCEDF00CCD426 /* Debug */ = {
			isa = XCBuildConfiguration;
			baseConfigurationReference = 155E41D3F6315E064D472775 /* Pods-OriginalAppUITests.debug.xcconfig */;
			buildSettings = {
				INFOPLIST_FILE = OriginalAppUITests/Info.plist;
				LD_RUNPATH_SEARCH_PATHS = "$(inherited) @executable_path/Frameworks @loader_path/Frameworks";
				PRODUCT_BUNDLE_IDENTIFIER = com.kappa.original.OriginalAppUITests;
				PRODUCT_NAME = "$(TARGET_NAME)";
				TEST_TARGET_NAME = OriginalApp;
			};
			name = Debug;
		};
		813225A71D9BCEDF00CCD426 /* Release */ = {
			isa = XCBuildConfiguration;
			baseConfigurationReference = 59BDEFBFF605C7B0153816FF /* Pods-OriginalAppUITests.release.xcconfig */;
			buildSettings = {
				INFOPLIST_FILE = OriginalAppUITests/Info.plist;
				LD_RUNPATH_SEARCH_PATHS = "$(inherited) @executable_path/Frameworks @loader_path/Frameworks";
				PRODUCT_BUNDLE_IDENTIFIER = com.kappa.original.OriginalAppUITests;
				PRODUCT_NAME = "$(TARGET_NAME)";
				TEST_TARGET_NAME = OriginalApp;
			};
			name = Release;
		};
/* End XCBuildConfiguration section */

/* Begin XCConfigurationList section */
		813225721D9BCEDE00CCD426 /* Build configuration list for PBXProject "OriginalApp" */ = {
			isa = XCConfigurationList;
			buildConfigurations = (
				8132259D1D9BCEDF00CCD426 /* Debug */,
				8132259E1D9BCEDF00CCD426 /* Release */,
			);
			defaultConfigurationIsVisible = 0;
			defaultConfigurationName = Release;
		};
		8132259F1D9BCEDF00CCD426 /* Build configuration list for PBXNativeTarget "OriginalApp" */ = {
			isa = XCConfigurationList;
			buildConfigurations = (
				813225A01D9BCEDF00CCD426 /* Debug */,
				813225A11D9BCEDF00CCD426 /* Release */,
			);
			defaultConfigurationIsVisible = 0;
			defaultConfigurationName = Release;
		};
		813225A21D9BCEDF00CCD426 /* Build configuration list for PBXNativeTarget "OriginalAppTests" */ = {
			isa = XCConfigurationList;
			buildConfigurations = (
				813225A31D9BCEDF00CCD426 /* Debug */,
				813225A41D9BCEDF00CCD426 /* Release */,
			);
			defaultConfigurationIsVisible = 0;
			defaultConfigurationName = Release;
		};
		813225A51D9BCEDF00CCD426 /* Build configuration list for PBXNativeTarget "OriginalAppUITests" */ = {
			isa = XCConfigurationList;
			buildConfigurations = (
				813225A61D9BCEDF00CCD426 /* Debug */,
				813225A71D9BCEDF00CCD426 /* Release */,
			);
			defaultConfigurationIsVisible = 0;
			defaultConfigurationName = Release;
		};
/* End XCConfigurationList section */
	};
	rootObject = 8132256F1D9BCEDE00CCD426 /* Project object */;
}
